
Microsoft Visual Studio Solution File, Format Version 12.00
# Visual Studio Version 17
VisualStudioVersion = 17.0.31903.59
MinimumVisualStudioVersion = 10.0.40219.1
Project("{FAE04EC0-301F-11D3-BF4B-00C04F79EFBC}") = "Drastic.Masonry", "Drastic.Masonry\Drastic.Masonry.csproj", "{02596840-ECB8-4319-B49A-E59E13834861}"
EndProject
Global
	GlobalSection(SolutionConfigurationPlatforms) = preSolution
		Debug|Any CPU = Debug|Any CPU
		Release|Any CPU = Release|Any CPU
	EndGlobalSection
	GlobalSection(SolutionProperties) = preSolution
		HideSolutionNode = FALSE
	EndGlobalSection
	GlobalSection(ProjectConfigurationPlatforms) = postSolution
		{02596840-ECB8-4319-B49A-E59E13834861}.Debug|Any CPU.ActiveCfg = Debug|Any CPU
		{02596840-ECB8-4319-B49A-E59E13834861}.Debug|Any CPU.Build.0 = Debug|Any CPU
		{02596840-ECB8-4319-B49A-E59E13834861}.Release|Any CPU.ActiveCfg = Release|Any CPU
		{02596840-ECB8-4319-B49A-E59E13834861}.Release|Any CPU.Build.0 = Release|Any CPU
	EndGlobalSection
EndGlobal
